// !$*UTF8*$!
{
	archiveVersion = 1;
	classes = {
	};
	objectVersion = 51;
	objects = {

/* Begin PBXBuildFile section */
		314820C644C520C90BE516D8 /* Pods_Marvel.framework in Frameworks */ = {isa = PBXBuildFile; fileRef = CB0D23F11EC6BE2F3ED4D71E /* Pods_Marvel.framework */; };
		6117A2A048CBB1E664726427 /* Pods_MarvelTests.framework in Frameworks */ = {isa = PBXBuildFile; fileRef = 772F2E15B43CE733FBF52DA4 /* Pods_MarvelTests.framework */; };
		D9F136F425B622980073008F /* AppDelegate.swift in Sources */ = {isa = PBXBuildFile; fileRef = D9F136F325B622980073008F /* AppDelegate.swift */; };
		D9F136F625B622980073008F /* SceneDelegate.swift in Sources */ = {isa = PBXBuildFile; fileRef = D9F136F525B622980073008F /* SceneDelegate.swift */; };
		D9F136FB25B622980073008F /* Main.storyboard in Resources */ = {isa = PBXBuildFile; fileRef = D9F136F925B622980073008F /* Main.storyboard */; };
		D9F136FD25B6229F0073008F /* Assets.xcassets in Resources */ = {isa = PBXBuildFile; fileRef = D9F136FC25B6229F0073008F /* Assets.xcassets */; };
		D9F1370025B6229F0073008F /* LaunchScreen.storyboard in Resources */ = {isa = PBXBuildFile; fileRef = D9F136FE25B6229F0073008F /* LaunchScreen.storyboard */; };
		D9F1370B25B622A00073008F /* MarvelTests.swift in Sources */ = {isa = PBXBuildFile; fileRef = D9F1370A25B622A00073008F /* MarvelTests.swift */; };
		D9F1371625B626DC0073008F /* GoogleService-Info.plist in Resources */ = {isa = PBXBuildFile; fileRef = D9F1371525B626DC0073008F /* GoogleService-Info.plist */; };
		D9F1371825B634DD0073008F /* AuthenticationViewController.swift in Sources */ = {isa = PBXBuildFile; fileRef = D9F1371725B634DD0073008F /* AuthenticationViewController.swift */; };
		D9F1371A25B64F2A0073008F /* CharactersViewController.swift in Sources */ = {isa = PBXBuildFile; fileRef = D9F1371925B64F2A0073008F /* CharactersViewController.swift */; };
		D9F1371C25B64F4D0073008F /* EventsViewController.swift in Sources */ = {isa = PBXBuildFile; fileRef = D9F1371B25B64F4D0073008F /* EventsViewController.swift */; };
		D9F1371E25B64FB10073008F /* TabBarViewController.swift in Sources */ = {isa = PBXBuildFile; fileRef = D9F1371D25B64FB10073008F /* TabBarViewController.swift */; };
/* End PBXBuildFile section */

/* Begin PBXContainerItemProxy section */
		D9F1370725B622A00073008F /* PBXContainerItemProxy */ = {
			isa = PBXContainerItemProxy;
			containerPortal = D9F136E825B622980073008F /* Project object */;
			proxyType = 1;
			remoteGlobalIDString = D9F136EF25B622980073008F;
			remoteInfo = Marvel;
		};
/* End PBXContainerItemProxy section */

/* Begin PBXFileReference section */
		12275F41F5AFDB036F323AC6 /* Pods-MarvelTests.debug.xcconfig */ = {isa = PBXFileReference; includeInIndex = 1; lastKnownFileType = text.xcconfig; name = "Pods-MarvelTests.debug.xcconfig"; path = "Target Support Files/Pods-MarvelTests/Pods-MarvelTests.debug.xcconfig"; sourceTree = "<group>"; };
		772F2E15B43CE733FBF52DA4 /* Pods_MarvelTests.framework */ = {isa = PBXFileReference; explicitFileType = wrapper.framework; includeInIndex = 0; path = Pods_MarvelTests.framework; sourceTree = BUILT_PRODUCTS_DIR; };
		B43EC027BF0931AE535FEDD7 /* Pods-Marvel.release.xcconfig */ = {isa = PBXFileReference; includeInIndex = 1; lastKnownFileType = text.xcconfig; name = "Pods-Marvel.release.xcconfig"; path = "Target Support Files/Pods-Marvel/Pods-Marvel.release.xcconfig"; sourceTree = "<group>"; };
		CB0D23F11EC6BE2F3ED4D71E /* Pods_Marvel.framework */ = {isa = PBXFileReference; explicitFileType = wrapper.framework; includeInIndex = 0; path = Pods_Marvel.framework; sourceTree = BUILT_PRODUCTS_DIR; };
		D7C304D0116B15C9667A0E4F /* Pods-MarvelTests.release.xcconfig */ = {isa = PBXFileReference; includeInIndex = 1; lastKnownFileType = text.xcconfig; name = "Pods-MarvelTests.release.xcconfig"; path = "Target Support Files/Pods-MarvelTests/Pods-MarvelTests.release.xcconfig"; sourceTree = "<group>"; };
		D9F136F025B622980073008F /* Marvel.app */ = {isa = PBXFileReference; explicitFileType = wrapper.application; includeInIndex = 0; path = Marvel.app; sourceTree = BUILT_PRODUCTS_DIR; };
		D9F136F325B622980073008F /* AppDelegate.swift */ = {isa = PBXFileReference; lastKnownFileType = sourcecode.swift; path = AppDelegate.swift; sourceTree = "<group>"; };
		D9F136F525B622980073008F /* SceneDelegate.swift */ = {isa = PBXFileReference; lastKnownFileType = sourcecode.swift; path = SceneDelegate.swift; sourceTree = "<group>"; };
		D9F136FA25B622980073008F /* Base */ = {isa = PBXFileReference; lastKnownFileType = file.storyboard; name = Base; path = Base.lproj/Main.storyboard; sourceTree = "<group>"; };
		D9F136FC25B6229F0073008F /* Assets.xcassets */ = {isa = PBXFileReference; lastKnownFileType = folder.assetcatalog; path = Assets.xcassets; sourceTree = "<group>"; };
		D9F136FF25B6229F0073008F /* Base */ = {isa = PBXFileReference; lastKnownFileType = file.storyboard; name = Base; path = Base.lproj/LaunchScreen.storyboard; sourceTree = "<group>"; };
		D9F1370125B6229F0073008F /* Info.plist */ = {isa = PBXFileReference; lastKnownFileType = text.plist.xml; path = Info.plist; sourceTree = "<group>"; };
		D9F1370625B622A00073008F /* MarvelTests.xctest */ = {isa = PBXFileReference; explicitFileType = wrapper.cfbundle; includeInIndex = 0; path = MarvelTests.xctest; sourceTree = BUILT_PRODUCTS_DIR; };
		D9F1370A25B622A00073008F /* MarvelTests.swift */ = {isa = PBXFileReference; lastKnownFileType = sourcecode.swift; path = MarvelTests.swift; sourceTree = "<group>"; };
		D9F1370C25B622A00073008F /* Info.plist */ = {isa = PBXFileReference; lastKnownFileType = text.plist.xml; path = Info.plist; sourceTree = "<group>"; };
		D9F1371525B626DC0073008F /* GoogleService-Info.plist */ = {isa = PBXFileReference; fileEncoding = 4; lastKnownFileType = text.plist.xml; path = "GoogleService-Info.plist"; sourceTree = "<group>"; };
		D9F1371725B634DD0073008F /* AuthenticationViewController.swift */ = {isa = PBXFileReference; lastKnownFileType = sourcecode.swift; path = AuthenticationViewController.swift; sourceTree = "<group>"; };
		D9F1371925B64F2A0073008F /* CharactersViewController.swift */ = {isa = PBXFileReference; lastKnownFileType = sourcecode.swift; path = CharactersViewController.swift; sourceTree = "<group>"; };
		D9F1371B25B64F4D0073008F /* EventsViewController.swift */ = {isa = PBXFileReference; lastKnownFileType = sourcecode.swift; path = EventsViewController.swift; sourceTree = "<group>"; };
		D9F1371D25B64FB10073008F /* TabBarViewController.swift */ = {isa = PBXFileReference; lastKnownFileType = sourcecode.swift; path = TabBarViewController.swift; sourceTree = "<group>"; };
		E739F835459F560E673E7093 /* Pods-Marvel.debug.xcconfig */ = {isa = PBXFileReference; includeInIndex = 1; lastKnownFileType = text.xcconfig; name = "Pods-Marvel.debug.xcconfig"; path = "Target Support Files/Pods-Marvel/Pods-Marvel.debug.xcconfig"; sourceTree = "<group>"; };
/* End PBXFileReference section */

/* Begin PBXFrameworksBuildPhase section */
		D9F136ED25B622980073008F /* Frameworks */ = {
			isa = PBXFrameworksBuildPhase;
			buildActionMask = 2147483647;
			files = (
				314820C644C520C90BE516D8 /* Pods_Marvel.framework in Frameworks */,
			);
			runOnlyForDeploymentPostprocessing = 0;
		};
		D9F1370325B622A00073008F /* Frameworks */ = {
			isa = PBXFrameworksBuildPhase;
			buildActionMask = 2147483647;
			files = (
				6117A2A048CBB1E664726427 /* Pods_MarvelTests.framework in Frameworks */,
			);
			runOnlyForDeploymentPostprocessing = 0;
		};
/* End PBXFrameworksBuildPhase section */

/* Begin PBXGroup section */
		3139DAAA20347523C2E730A0 /* Frameworks */ = {
			isa = PBXGroup;
			children = (
				CB0D23F11EC6BE2F3ED4D71E /* Pods_Marvel.framework */,
				772F2E15B43CE733FBF52DA4 /* Pods_MarvelTests.framework */,
			);
			name = Frameworks;
			sourceTree = "<group>";
		};
		B16B4906F1FE31FF62E2A50A /* Pods */ = {
			isa = PBXGroup;
			children = (
				E739F835459F560E673E7093 /* Pods-Marvel.debug.xcconfig */,
				B43EC027BF0931AE535FEDD7 /* Pods-Marvel.release.xcconfig */,
				12275F41F5AFDB036F323AC6 /* Pods-MarvelTests.debug.xcconfig */,
				D7C304D0116B15C9667A0E4F /* Pods-MarvelTests.release.xcconfig */,
			);
			path = Pods;
			sourceTree = "<group>";
		};
		D9F136E725B622980073008F = {
			isa = PBXGroup;
			children = (
				D9F136F225B622980073008F /* Marvel */,
				D9F1370925B622A00073008F /* MarvelTests */,
				D9F136F125B622980073008F /* Products */,
				D9F1371525B626DC0073008F /* GoogleService-Info.plist */,
				B16B4906F1FE31FF62E2A50A /* Pods */,
				3139DAAA20347523C2E730A0 /* Frameworks */,
			);
			sourceTree = "<group>";
		};
		D9F136F125B622980073008F /* Products */ = {
			isa = PBXGroup;
			children = (
				D9F136F025B622980073008F /* Marvel.app */,
				D9F1370625B622A00073008F /* MarvelTests.xctest */,
			);
			name = Products;
			sourceTree = "<group>";
		};
		D9F136F225B622980073008F /* Marvel */ = {
			isa = PBXGroup;
			children = (
				D9F1371725B634DD0073008F /* AuthenticationViewController.swift */,
				D9F1371D25B64FB10073008F /* TabBarViewController.swift */,
				D9F1371925B64F2A0073008F /* CharactersViewController.swift */,
				D9F1371B25B64F4D0073008F /* EventsViewController.swift */,
				D9F136FC25B6229F0073008F /* Assets.xcassets */,
				D9F136F925B622980073008F /* Main.storyboard */,
				D9F136F325B622980073008F /* AppDelegate.swift */,
				D9F136F525B622980073008F /* SceneDelegate.swift */,
				D9F136FE25B6229F0073008F /* LaunchScreen.storyboard */,
				D9F1370125B6229F0073008F /* Info.plist */,
			);
			path = Marvel;
			sourceTree = "<group>";
		};
		D9F1370925B622A00073008F /* MarvelTests */ = {
			isa = PBXGroup;
			children = (
				D9F1370A25B622A00073008F /* MarvelTests.swift */,
				D9F1370C25B622A00073008F /* Info.plist */,
			);
			path = MarvelTests;
			sourceTree = "<group>";
		};
/* End PBXGroup section */

/* Begin PBXNativeTarget section */
		D9F136EF25B622980073008F /* Marvel */ = {
			isa = PBXNativeTarget;
			buildConfigurationList = D9F1370F25B622A00073008F /* Build configuration list for PBXNativeTarget "Marvel" */;
			buildPhases = (
				A55BB871568AF74463DFC35E /* [CP] Check Pods Manifest.lock */,
				D9F136EC25B622980073008F /* Sources */,
				D9F136ED25B622980073008F /* Frameworks */,
				D9F136EE25B622980073008F /* Resources */,
				08E1AB7BDA301D764D10DE83 /* [CP] Embed Pods Frameworks */,
			);
			buildRules = (
			);
			dependencies = (
			);
			name = Marvel;
			productName = Marvel;
			productReference = D9F136F025B622980073008F /* Marvel.app */;
			productType = "com.apple.product-type.application";
		};
		D9F1370525B622A00073008F /* MarvelTests */ = {
			isa = PBXNativeTarget;
			buildConfigurationList = D9F1371225B622A00073008F /* Build configuration list for PBXNativeTarget "MarvelTests" */;
			buildPhases = (
				B24B438C391AD9CAAA5A5D8A /* [CP] Check Pods Manifest.lock */,
				D9F1370225B622A00073008F /* Sources */,
				D9F1370325B622A00073008F /* Frameworks */,
				D9F1370425B622A00073008F /* Resources */,
			);
			buildRules = (
			);
			dependencies = (
				D9F1370825B622A00073008F /* PBXTargetDependency */,
			);
			name = MarvelTests;
			productName = MarvelTests;
			productReference = D9F1370625B622A00073008F /* MarvelTests.xctest */;
			productType = "com.apple.product-type.bundle.unit-test";
		};
/* End PBXNativeTarget section */

/* Begin PBXProject section */
		D9F136E825B622980073008F /* Project object */ = {
			isa = PBXProject;
			attributes = {
				LastSwiftUpdateCheck = 1120;
				LastUpgradeCheck = 1120;
				ORGANIZATIONNAME = "Julieta Fernández Irujo";
				TargetAttributes = {
					D9F136EF25B622980073008F = {
						CreatedOnToolsVersion = 11.2.1;
					};
					D9F1370525B622A00073008F = {
						CreatedOnToolsVersion = 11.2.1;
						TestTargetID = D9F136EF25B622980073008F;
					};
				};
			};
			buildConfigurationList = D9F136EB25B622980073008F /* Build configuration list for PBXProject "Marvel" */;
			compatibilityVersion = "Xcode 9.3";
			developmentRegion = en;
			hasScannedForEncodings = 0;
			knownRegions = (
				en,
				Base,
			);
			mainGroup = D9F136E725B622980073008F;
			productRefGroup = D9F136F125B622980073008F /* Products */;
			projectDirPath = "";
			projectRoot = "";
			targets = (
				D9F136EF25B622980073008F /* Marvel */,
				D9F1370525B622A00073008F /* MarvelTests */,
			);
		};
/* End PBXProject section */

/* Begin PBXResourcesBuildPhase section */
		D9F136EE25B622980073008F /* Resources */ = {
			isa = PBXResourcesBuildPhase;
			buildActionMask = 2147483647;
			files = (
				D9F1370025B6229F0073008F /* LaunchScreen.storyboard in Resources */,
				D9F1371625B626DC0073008F /* GoogleService-Info.plist in Resources */,
				D9F136FD25B6229F0073008F /* Assets.xcassets in Resources */,
				D9F136FB25B622980073008F /* Main.storyboard in Resources */,
			);
			runOnlyForDeploymentPostprocessing = 0;
		};
		D9F1370425B622A00073008F /* Resources */ = {
			isa = PBXResourcesBuildPhase;
			buildActionMask = 2147483647;
			files = (
			);
			runOnlyForDeploymentPostprocessing = 0;
		};
/* End PBXResourcesBuildPhase section */

/* Begin PBXShellScriptBuildPhase section */
		08E1AB7BDA301D764D10DE83 /* [CP] Embed Pods Frameworks */ = {
			isa = PBXShellScriptBuildPhase;
			buildActionMask = 2147483647;
			files = (
			);
			inputFileListPaths = (
				"${PODS_ROOT}/Target Support Files/Pods-Marvel/Pods-Marvel-frameworks-${CONFIGURATION}-input-files.xcfilelist",
			);
			name = "[CP] Embed Pods Frameworks";
			outputFileListPaths = (
				"${PODS_ROOT}/Target Support Files/Pods-Marvel/Pods-Marvel-frameworks-${CONFIGURATION}-output-files.xcfilelist",
			);
			runOnlyForDeploymentPostprocessing = 0;
			shellPath = /bin/sh;
			shellScript = "\"${PODS_ROOT}/Target Support Files/Pods-Marvel/Pods-Marvel-frameworks.sh\"\n";
			showEnvVarsInLog = 0;
		};
		A55BB871568AF74463DFC35E /* [CP] Check Pods Manifest.lock */ = {
			isa = PBXShellScriptBuildPhase;
			buildActionMask = 2147483647;
			files = (
			);
			inputFileListPaths = (
			);
			inputPaths = (
				"${PODS_PODFILE_DIR_PATH}/Podfile.lock",
				"${PODS_ROOT}/Manifest.lock",
			);
			name = "[CP] Check Pods Manifest.lock";
			outputFileListPaths = (
			);
			outputPaths = (
				"$(DERIVED_FILE_DIR)/Pods-Marvel-checkManifestLockResult.txt",
			);
			runOnlyForDeploymentPostprocessing = 0;
			shellPath = /bin/sh;
			shellScript = "diff \"${PODS_PODFILE_DIR_PATH}/Podfile.lock\" \"${PODS_ROOT}/Manifest.lock\" > /dev/null\nif [ $? != 0 ] ; then\n    # print error to STDERR\n    echo \"error: The sandbox is not in sync with the Podfile.lock. Run 'pod install' or update your CocoaPods installation.\" >&2\n    exit 1\nfi\n# This output is used by Xcode 'outputs' to avoid re-running this script phase.\necho \"SUCCESS\" > \"${SCRIPT_OUTPUT_FILE_0}\"\n";
			showEnvVarsInLog = 0;
		};
		B24B438C391AD9CAAA5A5D8A /* [CP] Check Pods Manifest.lock */ = {
			isa = PBXShellScriptBuildPhase;
			buildActionMask = 2147483647;
			files = (
			);
			inputFileListPaths = (
			);
			inputPaths = (
				"${PODS_PODFILE_DIR_PATH}/Podfile.lock",
				"${PODS_ROOT}/Manifest.lock",
			);
			name = "[CP] Check Pods Manifest.lock";
			outputFileListPaths = (
			);
			outputPaths = (
				"$(DERIVED_FILE_DIR)/Pods-MarvelTests-checkManifestLockResult.txt",
			);
			runOnlyForDeploymentPostprocessing = 0;
			shellPath = /bin/sh;
			shellScript = "diff \"${PODS_PODFILE_DIR_PATH}/Podfile.lock\" \"${PODS_ROOT}/Manifest.lock\" > /dev/null\nif [ $? != 0 ] ; then\n    # print error to STDERR\n    echo \"error: The sandbox is not in sync with the Podfile.lock. Run 'pod install' or update your CocoaPods installation.\" >&2\n    exit 1\nfi\n# This output is used by Xcode 'outputs' to avoid re-running this script phase.\necho \"SUCCESS\" > \"${SCRIPT_OUTPUT_FILE_0}\"\n";
			showEnvVarsInLog = 0;
		};
/* End PBXShellScriptBuildPhase section */

/* Begin PBXSourcesBuildPhase section */
		D9F136EC25B622980073008F /* Sources */ = {
			isa = PBXSourcesBuildPhase;
			buildActionMask = 2147483647;
			files = (
				D9F1371A25B64F2A0073008F /* CharactersViewController.swift in Sources */,
				D9F1371825B634DD0073008F /* AuthenticationViewController.swift in Sources */,
				D9F136F425B622980073008F /* AppDelegate.swift in Sources */,
				D9F136F625B622980073008F /* SceneDelegate.swift in Sources */,
				D9F1371E25B64FB10073008F /* TabBarViewController.swift in Sources */,
				D9F1371C25B64F4D0073008F /* EventsViewController.swift in Sources */,
			);
			runOnlyForDeploymentPostprocessing = 0;
		};
		D9F1370225B622A00073008F /* Sources */ = {
			isa = PBXSourcesBuildPhase;
			buildActionMask = 2147483647;
			files = (
				D9F1370B25B622A00073008F /* MarvelTests.swift in Sources */,
			);
			runOnlyForDeploymentPostprocessing = 0;
		};
/* End PBXSourcesBuildPhase section */

/* Begin PBXTargetDependency section */
		D9F1370825B622A00073008F /* PBXTargetDependency */ = {
			isa = PBXTargetDependency;
			target = D9F136EF25B622980073008F /* Marvel */;
			targetProxy = D9F1370725B622A00073008F /* PBXContainerItemProxy */;
		};
/* End PBXTargetDependency section */

/* Begin PBXVariantGroup section */
		D9F136F925B622980073008F /* Main.storyboard */ = {
			isa = PBXVariantGroup;
			children = (
				D9F136FA25B622980073008F /* Base */,
			);
			name = Main.storyboard;
			sourceTree = "<group>";
		};
		D9F136FE25B6229F0073008F /* LaunchScreen.storyboard */ = {
			isa = PBXVariantGroup;
			children = (
				D9F136FF25B6229F0073008F /* Base */,
			);
			name = LaunchScreen.storyboard;
			sourceTree = "<group>";
		};
/* End PBXVariantGroup section */

/* Begin XCBuildConfiguration section */
		D9F1370D25B622A00073008F /* Debug */ = {
			isa = XCBuildConfiguration;
			buildSettings = {
				ALWAYS_SEARCH_USER_PATHS = NO;
				CLANG_ANALYZER_NONNULL = YES;
				CLANG_ANALYZER_NUMBER_OBJECT_CONVERSION = YES_AGGRESSIVE;
				CLANG_CXX_LANGUAGE_STANDARD = "gnu++14";
				CLANG_CXX_LIBRARY = "libc++";
				CLANG_ENABLE_MODULES = YES;
				CLANG_ENABLE_OBJC_ARC = YES;
				CLANG_ENABLE_OBJC_WEAK = YES;
				CLANG_WARN_BLOCK_CAPTURE_AUTORELEASING = YES;
				CLANG_WARN_BOOL_CONVERSION = YES;
				CLANG_WARN_COMMA = YES;
				CLANG_WARN_CONSTANT_CONVERSION = YES;
				CLANG_WARN_DEPRECATED_OBJC_IMPLEMENTATIONS = YES;
				CLANG_WARN_DIRECT_OBJC_ISA_USAGE = YES_ERROR;
				CLANG_WARN_DOCUMENTATION_COMMENTS = YES;
				CLANG_WARN_EMPTY_BODY = YES;
				CLANG_WARN_ENUM_CONVERSION = YES;
				CLANG_WARN_INFINITE_RECURSION = YES;
				CLANG_WARN_INT_CONVERSION = YES;
				CLANG_WARN_NON_LITERAL_NULL_CONVERSION = YES;
				CLANG_WARN_OBJC_IMPLICIT_RETAIN_SELF = YES;
				CLANG_WARN_OBJC_LITERAL_CONVERSION = YES;
				CLANG_WARN_OBJC_ROOT_CLASS = YES_ERROR;
				CLANG_WARN_RANGE_LOOP_ANALYSIS = YES;
				CLANG_WARN_STRICT_PROTOTYPES = YES;
				CLANG_WARN_SUSPICIOUS_MOVE = YES;
				CLANG_WARN_UNGUARDED_AVAILABILITY = YES_AGGRESSIVE;
				CLANG_WARN_UNREACHABLE_CODE = YES;
				CLANG_WARN__DUPLICATE_METHOD_MATCH = YES;
				COPY_PHASE_STRIP = NO;
				DEBUG_INFORMATION_FORMAT = dwarf;
				ENABLE_STRICT_OBJC_MSGSEND = YES;
				ENABLE_TESTABILITY = YES;
				GCC_C_LANGUAGE_STANDARD = gnu11;
				GCC_DYNAMIC_NO_PIC = NO;
				GCC_NO_COMMON_BLOCKS = YES;
				GCC_OPTIMIZATION_LEVEL = 0;
				GCC_PREPROCESSOR_DEFINITIONS = (
					"DEBUG=1",
					"$(inherited)",
				);
				GCC_WARN_64_TO_32_BIT_CONVERSION = YES;
				GCC_WARN_ABOUT_RETURN_TYPE = YES_ERROR;
				GCC_WARN_UNDECLARED_SELECTOR = YES;
				GCC_WARN_UNINITIALIZED_AUTOS = YES_AGGRESSIVE;
				GCC_WARN_UNUSED_FUNCTION = YES;
				GCC_WARN_UNUSED_VARIABLE = YES;
				IPHONEOS_DEPLOYMENT_TARGET = 13.2;
				MTL_ENABLE_DEBUG_INFO = INCLUDE_SOURCE;
				MTL_FAST_MATH = YES;
				ONLY_ACTIVE_ARCH = YES;
				SDKROOT = iphoneos;
				SWIFT_ACTIVE_COMPILATION_CONDITIONS = DEBUG;
				SWIFT_OPTIMIZATION_LEVEL = "-Onone";
			};
			name = Debug;
		};
		D9F1370E25B622A00073008F /* Release */ = {
			isa = XCBuildConfiguration;
			buildSettings = {
				ALWAYS_SEARCH_USER_PATHS = NO;
				CLANG_ANALYZER_NONNULL = YES;
				CLANG_ANALYZER_NUMBER_OBJECT_CONVERSION = YES_AGGRESSIVE;
				CLANG_CXX_LANGUAGE_STANDARD = "gnu++14";
				CLANG_CXX_LIBRARY = "libc++";
				CLANG_ENABLE_MODULES = YES;
				CLANG_ENABLE_OBJC_ARC = YES;
				CLANG_ENABLE_OBJC_WEAK = YES;
				CLANG_WARN_BLOCK_CAPTURE_AUTORELEASING = YES;
				CLANG_WARN_BOOL_CONVERSION = YES;
				CLANG_WARN_COMMA = YES;
				CLANG_WARN_CONSTANT_CONVERSION = YES;
				CLANG_WARN_DEPRECATED_OBJC_IMPLEMENTATIONS = YES;
				CLANG_WARN_DIRECT_OBJC_ISA_USAGE = YES_ERROR;
				CLANG_WARN_DOCUMENTATION_COMMENTS = YES;
				CLANG_WARN_EMPTY_BODY = YES;
				CLANG_WARN_ENUM_CONVERSION = YES;
				CLANG_WARN_INFINITE_RECURSION = YES;
				CLANG_WARN_INT_CONVERSION = YES;
				CLANG_WARN_NON_LITERAL_NULL_CONVERSION = YES;
				CLANG_WARN_OBJC_IMPLICIT_RETAIN_SELF = YES;
				CLANG_WARN_OBJC_LITERAL_CONVERSION = YES;
				CLANG_WARN_OBJC_ROOT_CLASS = YES_ERROR;
				CLANG_WARN_RANGE_LOOP_ANALYSIS = YES;
				CLANG_WARN_STRICT_PROTOTYPES = YES;
				CLANG_WARN_SUSPICIOUS_MOVE = YES;
				CLANG_WARN_UNGUARDED_AVAILABILITY = YES_AGGRESSIVE;
				CLANG_WARN_UNREACHABLE_CODE = YES;
				CLANG_WARN__DUPLICATE_METHOD_MATCH = YES;
				COPY_PHASE_STRIP = NO;
				DEBUG_INFORMATION_FORMAT = "dwarf-with-dsym";
				ENABLE_NS_ASSERTIONS = NO;
				ENABLE_STRICT_OBJC_MSGSEND = YES;
				GCC_C_LANGUAGE_STANDARD = gnu11;
				GCC_NO_COMMON_BLOCKS = YES;
				GCC_WARN_64_TO_32_BIT_CONVERSION = YES;
				GCC_WARN_ABOUT_RETURN_TYPE = YES_ERROR;
				GCC_WARN_UNDECLARED_SELECTOR = YES;
				GCC_WARN_UNINITIALIZED_AUTOS = YES_AGGRESSIVE;
				GCC_WARN_UNUSED_FUNCTION = YES;
				GCC_WARN_UNUSED_VARIABLE = YES;
				IPHONEOS_DEPLOYMENT_TARGET = 13.2;
				MTL_ENABLE_DEBUG_INFO = NO;
				MTL_FAST_MATH = YES;
				SDKROOT = iphoneos;
				SWIFT_COMPILATION_MODE = wholemodule;
				SWIFT_OPTIMIZATION_LEVEL = "-O";
				VALIDATE_PRODUCT = YES;
			};
			name = Release;
		};
		D9F1371025B622A00073008F /* Debug */ = {
			isa = XCBuildConfiguration;
			baseConfigurationReference = E739F835459F560E673E7093 /* Pods-Marvel.debug.xcconfig */;
			buildSettings = {
				ASSETCATALOG_COMPILER_APPICON_NAME = AppIcon;
				CODE_SIGN_STYLE = Automatic;
				INFOPLIST_FILE = Marvel/Info.plist;
				LD_RUNPATH_SEARCH_PATHS = (
					"$(inherited)",
					"@executable_path/Frameworks",
				);
				PRODUCT_BUNDLE_IDENTIFIER = jfernandezirujo.Marvel;
				PRODUCT_NAME = "$(TARGET_NAME)";
				SWIFT_VERSION = 5.0;
				TARGETED_DEVICE_FAMILY = "1,2";
			};
			name = Debug;
		};
		D9F1371125B622A00073008F /* Release */ = {
			isa = XCBuildConfiguration;
			baseConfigurationReference = B43EC027BF0931AE535FEDD7 /* Pods-Marvel.release.xcconfig */;
			buildSettings = {
				ASSETCATALOG_COMPILER_APPICON_NAME = AppIcon;
				CODE_SIGN_STYLE = Automatic;
				INFOPLIST_FILE = Marvel/Info.plist;
				LD_RUNPATH_SEARCH_PATHS = (
					"$(inherited)",
					"@executable_path/Frameworks",
				);
				PRODUCT_BUNDLE_IDENTIFIER = jfernandezirujo.Marvel;
				PRODUCT_NAME = "$(TARGET_NAME)";
				SWIFT_VERSION = 5.0;
				TARGETED_DEVICE_FAMILY = "1,2";
			};
			name = Release;
		};
		D9F1371325B622A00073008F /* Debug */ = {
			isa = XCBuildConfiguration;
			baseConfigurationReference = 12275F41F5AFDB036F323AC6 /* Pods-MarvelTests.debug.xcconfig */;
			buildSettings = {
				ALWAYS_EMBED_SWIFT_STANDARD_LIBRARIES = YES;
				BUNDLE_LOADER = "$(TEST_HOST)";
				CODE_SIGN_STYLE = Automatic;
				INFOPLIST_FILE = MarvelTests/Info.plist;
				IPHONEOS_DEPLOYMENT_TARGET = 13.2;
				LD_RUNPATH_SEARCH_PATHS = (
					"$(inherited)",
					"@executable_path/Frameworks",
					"@loader_path/Frameworks",
				);
				PRODUCT_BUNDLE_IDENTIFIER = jfernandezirujo.MarvelTests;
				PRODUCT_NAME = "$(TARGET_NAME)";
				SWIFT_VERSION = 5.0;
				TARGETED_DEVICE_FAMILY = "1,2";
				TEST_HOST = "$(BUILT_PRODUCTS_DIR)/Marvel.app/Marvel";
			};
			name = Debug;
		};
		D9F1371425B622A00073008F /* Release */ = {
			isa = XCBuildConfiguration;
			baseConfigurationReference = D7C304D0116B15C9667A0E4F /* Pods-MarvelTests.release.xcconfig */;
			buildSettings = {
				ALWAYS_EMBED_SWIFT_STANDARD_LIBRARIES = YES;
				BUNDLE_LOADER = "$(TEST_HOST)";
				CODE_SIGN_STYLE = Automatic;
				INFOPLIST_FILE = MarvelTests/Info.plist;
				IPHONEOS_DEPLOYMENT_TARGET = 13.2;
				LD_RUNPATH_SEARCH_PATHS = (
					"$(inherited)",
					"@executable_path/Frameworks",
					"@loader_path/Frameworks",
				);
				PRODUCT_BUNDLE_IDENTIFIER = jfernandezirujo.MarvelTests;
				PRODUCT_NAME = "$(TARGET_NAME)";
				SWIFT_VERSION = 5.0;
				TARGETED_DEVICE_FAMILY = "1,2";
				TEST_HOST = "$(BUILT_PRODUCTS_DIR)/Marvel.app/Marvel";
			};
			name = Release;
		};
/* End XCBuildConfiguration section */

/* Begin XCConfigurationList section */
		D9F136EB25B622980073008F /* Build configuration list for PBXProject "Marvel" */ = {
			isa = XCConfigurationList;
			buildConfigurations = (
				D9F1370D25B622A00073008F /* Debug */,
				D9F1370E25B622A00073008F /* Release */,
			);
			defaultConfigurationIsVisible = 0;
			defaultConfigurationName = Release;
		};
		D9F1370F25B622A00073008F /* Build configuration list for PBXNativeTarget "Marvel" */ = {
			isa = XCConfigurationList;
			buildConfigurations = (
				D9F1371025B622A00073008F /* Debug */,
				D9F1371125B622A00073008F /* Release */,
			);
			defaultConfigurationIsVisible = 0;
			defaultConfigurationName = Release;
		};
		D9F1371225B622A00073008F /* Build configuration list for PBXNativeTarget "MarvelTests" */ = {
			isa = XCConfigurationList;
			buildConfigurations = (
				D9F1371325B622A00073008F /* Debug */,
				D9F1371425B622A00073008F /* Release */,
			);
			defaultConfigurationIsVisible = 0;
			defaultConfigurationName = Release;
		};
/* End XCConfigurationList section */
	};
	rootObject = D9F136E825B622980073008F /* Project object */;
}
